// !$*UTF8*$!
{
	archiveVersion = 1;
	classes = {
	};
	objectVersion = 48;
	objects = {

/* Begin PBXBuildFile section */
		602036F21FF09AF800E4DFA1 /* LYCellFoldViewController.m in Sources */ = {isa = PBXBuildFile; fileRef = 602036F11FF09AF800E4DFA1 /* LYCellFoldViewController.m */; };
		602036FC1FF13FE100E4DFA1 /* LYDragCellCollectionView.m in Sources */ = {isa = PBXBuildFile; fileRef = 602036FB1FF13FE100E4DFA1 /* LYDragCellCollectionView.m */; };
		606BEB0A2016E50700E40A62 /* LYRuntimeViewController.m in Sources */ = {isa = PBXBuildFile; fileRef = 606BEB092016E50700E40A62 /* LYRuntimeViewController.m */; };
		60962FDB1FE80EF6003F250A /* LYRollingCell1.m in Sources */ = {isa = PBXBuildFile; fileRef = 60962FD61FE80EF6003F250A /* LYRollingCell1.m */; };
		60962FDC1FE80EF6003F250A /* LYRollingCell1.xib in Resources */ = {isa = PBXBuildFile; fileRef = 60962FD71FE80EF6003F250A /* LYRollingCell1.xib */; };
		60962FDD1FE80EF6003F250A /* LYRollingCell2.m in Sources */ = {isa = PBXBuildFile; fileRef = 60962FD91FE80EF6003F250A /* LYRollingCell2.m */; };
		60962FDE1FE80EF6003F250A /* LYRollingCell2.xib in Resources */ = {isa = PBXBuildFile; fileRef = 60962FDA1FE80EF6003F250A /* LYRollingCell2.xib */; };
		60962FE61FE8AAE0003F250A /* LYWaveViewController.m in Sources */ = {isa = PBXBuildFile; fileRef = 60962FE51FE8AAE0003F250A /* LYWaveViewController.m */; };
		60962FE91FE8AD6D003F250A /* LYWaveView.m in Sources */ = {isa = PBXBuildFile; fileRef = 60962FE81FE8AD6D003F250A /* LYWaveView.m */; };
		60962FEE1FE8FFFB003F250A /* LYLineChartViewController.m in Sources */ = {isa = PBXBuildFile; fileRef = 60962FED1FE8FFFB003F250A /* LYLineChartViewController.m */; };
		60962FF11FE90194003F250A /* LYLineChartView.m in Sources */ = {isa = PBXBuildFile; fileRef = 60962FF01FE90194003F250A /* LYLineChartView.m */; };
		609F5AE71FF1E8BB00B28EF2 /* UIViewController+title.m in Sources */ = {isa = PBXBuildFile; fileRef = 609F5AE61FF1E8BB00B28EF2 /* UIViewController+title.m */; };
		609F5AEC1FF1EFA600B28EF2 /* LYAlipayModel.m in Sources */ = {isa = PBXBuildFile; fileRef = 609F5AEB1FF1EFA600B28EF2 /* LYAlipayModel.m */; };
		609F5AF01FF1F1B900B28EF2 /* LYAlipayCell.m in Sources */ = {isa = PBXBuildFile; fileRef = 609F5AEE1FF1F1B900B28EF2 /* LYAlipayCell.m */; };
		609F5AF11FF1F1B900B28EF2 /* LYAlipayCell.xib in Resources */ = {isa = PBXBuildFile; fileRef = 609F5AEF1FF1F1B900B28EF2 /* LYAlipayCell.xib */; };
		609F5B051FF1FA0600B28EF2 /* -1.gif in Resources */ = {isa = PBXBuildFile; fileRef = 609F5AF31FF1FA0600B28EF2 /* -1.gif */; };
		609F5B061FF1FA0600B28EF2 /* 共享单车.png in Resources */ = {isa = PBXBuildFile; fileRef = 609F5AF41FF1FA0600B28EF2 /* 共享单车.png */; };
		609F5B071FF1FA0600B28EF2 /* 1.gif in Resources */ = {isa = PBXBuildFile; fileRef = 609F5AF51FF1FA0600B28EF2 /* 1.gif */; };
		609F5B081FF1FA0600B28EF2 /* 2.gif in Resources */ = {isa = PBXBuildFile; fileRef = 609F5AF61FF1FA0600B28EF2 /* 2.gif */; };
		609F5B091FF1FA0600B28EF2 /* 3.png in Resources */ = {isa = PBXBuildFile; fileRef = 609F5AF71FF1FA0600B28EF2 /* 3.png */; };
		609F5B0A1FF1FA0600B28EF2 /* 4.gif in Resources */ = {isa = PBXBuildFile; fileRef = 609F5AF81FF1FA0600B28EF2 /* 4.gif */; };
		609F5B0B1FF1FA0600B28EF2 /* 5.gif in Resources */ = {isa = PBXBuildFile; fileRef = 609F5AF91FF1FA0600B28EF2 /* 5.gif */; };
		609F5B0C1FF1FA0600B28EF2 /* iTunesArtwork.png in Resources */ = {isa = PBXBuildFile; fileRef = 609F5AFA1FF1FA0600B28EF2 /* iTunesArtwork.png */; };
		609F5B0D1FF1FA0600B28EF2 /* ofo共享单车.png in Resources */ = {isa = PBXBuildFile; fileRef = 609F5AFB1FF1FA0600B28EF2 /* ofo共享单车.png */; };
		609F5B0E1FF1FA0600B28EF2 /* 信用卡.png in Resources */ = {isa = PBXBuildFile; fileRef = 609F5AFC1FF1FA0600B28EF2 /* 信用卡.png */; };
		609F5B0F1FF1FA0600B28EF2 /* 充值中心.png in Resources */ = {isa = PBXBuildFile; fileRef = 609F5AFD1FF1FA0600B28EF2 /* 充值中心.png */; };
		609F5B101FF1FA0600B28EF2 /* 分期.png in Resources */ = {isa = PBXBuildFile; fileRef = 609F5AFE1FF1FA0600B28EF2 /* 分期.png */; };
		609F5B111FF1FA0600B28EF2 /* 商家服务2.png in Resources */ = {isa = PBXBuildFile; fileRef = 609F5AFF1FF1FA0600B28EF2 /* 商家服务2.png */; };
		609F5B121FF1FA0600B28EF2 /* 滴滴出行.png in Resources */ = {isa = PBXBuildFile; fileRef = 609F5B001FF1FA0600B28EF2 /* 滴滴出行.png */; };
		609F5B131FF1FA0600B28EF2 /* 火车票.png in Resources */ = {isa = PBXBuildFile; fileRef = 609F5B011FF1FA0600B28EF2 /* 火车票.png */; };
		609F5B141FF1FA0600B28EF2 /* 芝麻信用.png in Resources */ = {isa = PBXBuildFile; fileRef = 609F5B021FF1FA0600B28EF2 /* 芝麻信用.png */; };
		609F5B151FF1FA0600B28EF2 /* 花呗.png in Resources */ = {isa = PBXBuildFile; fileRef = 609F5B031FF1FA0600B28EF2 /* 花呗.png */; };
		609F5B161FF1FA0600B28EF2 /* 转账.png in Resources */ = {isa = PBXBuildFile; fileRef = 609F5B041FF1FA0600B28EF2 /* 转账.png */; };
		609F5B1B1FFBC74200B28EF2 /* LYSlideMenuView.m in Sources */ = {isa = PBXBuildFile; fileRef = 609F5B1A1FFBC74200B28EF2 /* LYSlideMenuView.m */; };
		609F5B1E1FFD1D6B00B28EF2 /* SlideMenuButton.m in Sources */ = {isa = PBXBuildFile; fileRef = 609F5B1D1FFD1D6B00B28EF2 /* SlideMenuButton.m */; };
		60B970FD1FF1E1DC0052B604 /* LYAliPayCellMoveViewController.m in Sources */ = {isa = PBXBuildFile; fileRef = 60B970FB1FF1E1DC0052B604 /* LYAliPayCellMoveViewController.m */; };
		60B970FE1FF1E1DC0052B604 /* LYAliPayCellMoveViewController.xib in Resources */ = {isa = PBXBuildFile; fileRef = 60B970FC1FF1E1DC0052B604 /* LYAliPayCellMoveViewController.xib */; };
		60D33ABA1FE26D3C00086F15 /* AppDelegate.m in Sources */ = {isa = PBXBuildFile; fileRef = 60D33AB91FE26D3C00086F15 /* AppDelegate.m */; };
		60D33ABD1FE26D3C00086F15 /* ViewController.m in Sources */ = {isa = PBXBuildFile; fileRef = 60D33ABC1FE26D3C00086F15 /* ViewController.m */; };
		60D33AC01FE26D3C00086F15 /* Main.storyboard in Resources */ = {isa = PBXBuildFile; fileRef = 60D33ABE1FE26D3C00086F15 /* Main.storyboard */; };
		60D33AC21FE26D3C00086F15 /* Assets.xcassets in Resources */ = {isa = PBXBuildFile; fileRef = 60D33AC11FE26D3C00086F15 /* Assets.xcassets */; };
		60D33AC51FE26D3C00086F15 /* LaunchScreen.storyboard in Resources */ = {isa = PBXBuildFile; fileRef = 60D33AC31FE26D3C00086F15 /* LaunchScreen.storyboard */; };
		60D33AC81FE26D3C00086F15 /* main.m in Sources */ = {isa = PBXBuildFile; fileRef = 60D33AC71FE26D3C00086F15 /* main.m */; };
		60D33AD31FE364DC00086F15 /* LYRollingNoticeView.m in Sources */ = {isa = PBXBuildFile; fileRef = 60D33AD21FE364DC00086F15 /* LYRollingNoticeView.m */; };
		60D33AD71FE3691F00086F15 /* LYRollingNoticeViewController.m in Sources */ = {isa = PBXBuildFile; fileRef = 60D33AD61FE3691F00086F15 /* LYRollingNoticeViewController.m */; };
		60D33ADB1FE37B6C00086F15 /* DelegateManager.m in Sources */ = {isa = PBXBuildFile; fileRef = 60D33ADA1FE37B6C00086F15 /* DelegateManager.m */; };
		60D33ADE1FE3B80200086F15 /* LYNotiveViewCell.m in Sources */ = {isa = PBXBuildFile; fileRef = 60D33ADD1FE3B80200086F15 /* LYNotiveViewCell.m */; };
		60D6C7BF204E46D4005B0D69 /* LYUIFoldViewController.m in Sources */ = {isa = PBXBuildFile; fileRef = 60D6C7BE204E46D4005B0D69 /* LYUIFoldViewController.m */; };
/* End PBXBuildFile section */

/* Begin PBXFileReference section */
		602036F01FF09AF800E4DFA1 /* LYCellFoldViewController.h */ = {isa = PBXFileReference; lastKnownFileType = sourcecode.c.h; path = LYCellFoldViewController.h; sourceTree = "<group>"; };
		602036F11FF09AF800E4DFA1 /* LYCellFoldViewController.m */ = {isa = PBXFileReference; lastKnownFileType = sourcecode.c.objc; path = LYCellFoldViewController.m; sourceTree = "<group>"; };
		602036FA1FF13FE100E4DFA1 /* LYDragCellCollectionView.h */ = {isa = PBXFileReference; lastKnownFileType = sourcecode.c.h; path = LYDragCellCollectionView.h; sourceTree = "<group>"; };
		602036FB1FF13FE100E4DFA1 /* LYDragCellCollectionView.m */ = {isa = PBXFileReference; lastKnownFileType = sourcecode.c.objc; path = LYDragCellCollectionView.m; sourceTree = "<group>"; };
		606BEB082016E50700E40A62 /* LYRuntimeViewController.h */ = {isa = PBXFileReference; lastKnownFileType = sourcecode.c.h; path = LYRuntimeViewController.h; sourceTree = "<group>"; };
		606BEB092016E50700E40A62 /* LYRuntimeViewController.m */ = {isa = PBXFileReference; lastKnownFileType = sourcecode.c.objc; path = LYRuntimeViewController.m; sourceTree = "<group>"; };
		60962FD51FE80EF6003F250A /* LYRollingCell1.h */ = {isa = PBXFileReference; fileEncoding = 4; lastKnownFileType = sourcecode.c.h; path = LYRollingCell1.h; sourceTree = "<group>"; };
		60962FD61FE80EF6003F250A /* LYRollingCell1.m */ = {isa = PBXFileReference; fileEncoding = 4; lastKnownFileType = sourcecode.c.objc; path = LYRollingCell1.m; sourceTree = "<group>"; };
		60962FD71FE80EF6003F250A /* LYRollingCell1.xib */ = {isa = PBXFileReference; fileEncoding = 4; lastKnownFileType = file.xib; path = LYRollingCell1.xib; sourceTree = "<group>"; };
		60962FD81FE80EF6003F250A /* LYRollingCell2.h */ = {isa = PBXFileReference; fileEncoding = 4; lastKnownFileType = sourcecode.c.h; path = LYRollingCell2.h; sourceTree = "<group>"; };
		60962FD91FE80EF6003F250A /* LYRollingCell2.m */ = {isa = PBXFileReference; fileEncoding = 4; lastKnownFileType = sourcecode.c.objc; path = LYRollingCell2.m; sourceTree = "<group>"; };
		60962FDA1FE80EF6003F250A /* LYRollingCell2.xib */ = {isa = PBXFileReference; fileEncoding = 4; lastKnownFileType = file.xib; path = LYRollingCell2.xib; sourceTree = "<group>"; };
		60962FE41FE8AAE0003F250A /* LYWaveViewController.h */ = {isa = PBXFileReference; lastKnownFileType = sourcecode.c.h; path = LYWaveViewController.h; sourceTree = "<group>"; };
		60962FE51FE8AAE0003F250A /* LYWaveViewController.m */ = {isa = PBXFileReference; lastKnownFileType = sourcecode.c.objc; path = LYWaveViewController.m; sourceTree = "<group>"; };
		60962FE71FE8AD6D003F250A /* LYWaveView.h */ = {isa = PBXFileReference; lastKnownFileType = sourcecode.c.h; path = LYWaveView.h; sourceTree = "<group>"; };
		60962FE81FE8AD6D003F250A /* LYWaveView.m */ = {isa = PBXFileReference; lastKnownFileType = sourcecode.c.objc; path = LYWaveView.m; sourceTree = "<group>"; };
		60962FEC1FE8FFFB003F250A /* LYLineChartViewController.h */ = {isa = PBXFileReference; lastKnownFileType = sourcecode.c.h; path = LYLineChartViewController.h; sourceTree = "<group>"; };
		60962FED1FE8FFFB003F250A /* LYLineChartViewController.m */ = {isa = PBXFileReference; lastKnownFileType = sourcecode.c.objc; path = LYLineChartViewController.m; sourceTree = "<group>"; };
		60962FEF1FE90194003F250A /* LYLineChartView.h */ = {isa = PBXFileReference; lastKnownFileType = sourcecode.c.h; path = LYLineChartView.h; sourceTree = "<group>"; };
		60962FF01FE90194003F250A /* LYLineChartView.m */ = {isa = PBXFileReference; lastKnownFileType = sourcecode.c.objc; path = LYLineChartView.m; sourceTree = "<group>"; };
		609F5AE51FF1E8BB00B28EF2 /* UIViewController+title.h */ = {isa = PBXFileReference; lastKnownFileType = sourcecode.c.h; path = "UIViewController+title.h"; sourceTree = "<group>"; };
		609F5AE61FF1E8BB00B28EF2 /* UIViewController+title.m */ = {isa = PBXFileReference; lastKnownFileType = sourcecode.c.objc; path = "UIViewController+title.m"; sourceTree = "<group>"; };
		609F5AEA1FF1EFA600B28EF2 /* LYAlipayModel.h */ = {isa = PBXFileReference; lastKnownFileType = sourcecode.c.h; path = LYAlipayModel.h; sourceTree = "<group>"; };
		609F5AEB1FF1EFA600B28EF2 /* LYAlipayModel.m */ = {isa = PBXFileReference; lastKnownFileType = sourcecode.c.objc; path = LYAlipayModel.m; sourceTree = "<group>"; };
		609F5AED1FF1F1B900B28EF2 /* LYAlipayCell.h */ = {isa = PBXFileReference; lastKnownFileType = sourcecode.c.h; path = LYAlipayCell.h; sourceTree = "<group>"; };
		609F5AEE1FF1F1B900B28EF2 /* LYAlipayCell.m */ = {isa = PBXFileReference; lastKnownFileType = sourcecode.c.objc; path = LYAlipayCell.m; sourceTree = "<group>"; };
		609F5AEF1FF1F1B900B28EF2 /* LYAlipayCell.xib */ = {isa = PBXFileReference; lastKnownFileType = file.xib; path = LYAlipayCell.xib; sourceTree = "<group>"; };
		609F5AF31FF1FA0600B28EF2 /* -1.gif */ = {isa = PBXFileReference; lastKnownFileType = image.gif; path = "-1.gif"; sourceTree = "<group>"; };
		609F5AF41FF1FA0600B28EF2 /* 共享单车.png */ = {isa = PBXFileReference; lastKnownFileType = image.png; path = "共享单车.png"; sourceTree = "<group>"; };
		609F5AF51FF1FA0600B28EF2 /* 1.gif */ = {isa = PBXFileReference; lastKnownFileType = image.gif; path = 1.gif; sourceTree = "<group>"; };
		609F5AF61FF1FA0600B28EF2 /* 2.gif */ = {isa = PBXFileReference; lastKnownFileType = image.gif; path = 2.gif; sourceTree = "<group>"; };
		609F5AF71FF1FA0600B28EF2 /* 3.png */ = {isa = PBXFileReference; lastKnownFileType = image.png; path = 3.png; sourceTree = "<group>"; };
		609F5AF81FF1FA0600B28EF2 /* 4.gif */ = {isa = PBXFileReference; lastKnownFileType = image.gif; path = 4.gif; sourceTree = "<group>"; };
		609F5AF91FF1FA0600B28EF2 /* 5.gif */ = {isa = PBXFileReference; lastKnownFileType = image.gif; path = 5.gif; sourceTree = "<group>"; };
		609F5AFA1FF1FA0600B28EF2 /* iTunesArtwork.png */ = {isa = PBXFileReference; lastKnownFileType = image.png; path = iTunesArtwork.png; sourceTree = "<group>"; };
		609F5AFB1FF1FA0600B28EF2 /* ofo共享单车.png */ = {isa = PBXFileReference; lastKnownFileType = image.png; path = "ofo共享单车.png"; sourceTree = "<group>"; };
		609F5AFC1FF1FA0600B28EF2 /* 信用卡.png */ = {isa = PBXFileReference; lastKnownFileType = image.png; path = "信用卡.png"; sourceTree = "<group>"; };
		609F5AFD1FF1FA0600B28EF2 /* 充值中心.png */ = {isa = PBXFileReference; lastKnownFileType = image.png; path = "充值中心.png"; sourceTree = "<group>"; };
		609F5AFE1FF1FA0600B28EF2 /* 分期.png */ = {isa = PBXFileReference; lastKnownFileType = image.png; path = "分期.png"; sourceTree = "<group>"; };
		609F5AFF1FF1FA0600B28EF2 /* 商家服务2.png */ = {isa = PBXFileReference; lastKnownFileType = image.png; path = "商家服务2.png"; sourceTree = "<group>"; };
		609F5B001FF1FA0600B28EF2 /* 滴滴出行.png */ = {isa = PBXFileReference; lastKnownFileType = image.png; path = "滴滴出行.png"; sourceTree = "<group>"; };
		609F5B011FF1FA0600B28EF2 /* 火车票.png */ = {isa = PBXFileReference; lastKnownFileType = image.png; path = "火车票.png"; sourceTree = "<group>"; };
		609F5B021FF1FA0600B28EF2 /* 芝麻信用.png */ = {isa = PBXFileReference; lastKnownFileType = image.png; path = "芝麻信用.png"; sourceTree = "<group>"; };
		609F5B031FF1FA0600B28EF2 /* 花呗.png */ = {isa = PBXFileReference; lastKnownFileType = image.png; path = "花呗.png"; sourceTree = "<group>"; };
		609F5B041FF1FA0600B28EF2 /* 转账.png */ = {isa = PBXFileReference; lastKnownFileType = image.png; path = "转账.png"; sourceTree = "<group>"; };
		609F5B191FFBC74200B28EF2 /* LYSlideMenuView.h */ = {isa = PBXFileReference; lastKnownFileType = sourcecode.c.h; path = LYSlideMenuView.h; sourceTree = "<group>"; };
		609F5B1A1FFBC74200B28EF2 /* LYSlideMenuView.m */ = {isa = PBXFileReference; lastKnownFileType = sourcecode.c.objc; path = LYSlideMenuView.m; sourceTree = "<group>"; };
		609F5B1C1FFD1D6B00B28EF2 /* SlideMenuButton.h */ = {isa = PBXFileReference; lastKnownFileType = sourcecode.c.h; path = SlideMenuButton.h; sourceTree = "<group>"; };
		609F5B1D1FFD1D6B00B28EF2 /* SlideMenuButton.m */ = {isa = PBXFileReference; lastKnownFileType = sourcecode.c.objc; path = SlideMenuButton.m; sourceTree = "<group>"; };
		60B970FA1FF1E1DC0052B604 /* LYAliPayCellMoveViewController.h */ = {isa = PBXFileReference; lastKnownFileType = sourcecode.c.h; path = LYAliPayCellMoveViewController.h; sourceTree = "<group>"; };
		60B970FB1FF1E1DC0052B604 /* LYAliPayCellMoveViewController.m */ = {isa = PBXFileReference; lastKnownFileType = sourcecode.c.objc; path = LYAliPayCellMoveViewController.m; sourceTree = "<group>"; };
		60B970FC1FF1E1DC0052B604 /* LYAliPayCellMoveViewController.xib */ = {isa = PBXFileReference; lastKnownFileType = file.xib; path = LYAliPayCellMoveViewController.xib; sourceTree = "<group>"; };
		60D33AB51FE26D3C00086F15 /* OC版.app */ = {isa = PBXFileReference; explicitFileType = wrapper.application; includeInIndex = 0; path = "OC版.app"; sourceTree = BUILT_PRODUCTS_DIR; };
		60D33AB81FE26D3C00086F15 /* AppDelegate.h */ = {isa = PBXFileReference; lastKnownFileType = sourcecode.c.h; path = AppDelegate.h; sourceTree = "<group>"; };
		60D33AB91FE26D3C00086F15 /* AppDelegate.m */ = {isa = PBXFileReference; lastKnownFileType = sourcecode.c.objc; path = AppDelegate.m; sourceTree = "<group>"; };
		60D33ABB1FE26D3C00086F15 /* ViewController.h */ = {isa = PBXFileReference; lastKnownFileType = sourcecode.c.h; path = ViewController.h; sourceTree = "<group>"; };
		60D33ABC1FE26D3C00086F15 /* ViewController.m */ = {isa = PBXFileReference; lastKnownFileType = sourcecode.c.objc; path = ViewController.m; sourceTree = "<group>"; };
		60D33ABF1FE26D3C00086F15 /* Base */ = {isa = PBXFileReference; lastKnownFileType = file.storyboard; name = Base; path = Base.lproj/Main.storyboard; sourceTree = "<group>"; };
		60D33AC11FE26D3C00086F15 /* Assets.xcassets */ = {isa = PBXFileReference; lastKnownFileType = folder.assetcatalog; path = Assets.xcassets; sourceTree = "<group>"; };
		60D33AC41FE26D3C00086F15 /* Base */ = {isa = PBXFileReference; lastKnownFileType = file.storyboard; name = Base; path = Base.lproj/LaunchScreen.storyboard; sourceTree = "<group>"; };
		60D33AC61FE26D3C00086F15 /* Info.plist */ = {isa = PBXFileReference; lastKnownFileType = text.plist.xml; path = Info.plist; sourceTree = "<group>"; };
		60D33AC71FE26D3C00086F15 /* main.m */ = {isa = PBXFileReference; lastKnownFileType = sourcecode.c.objc; path = main.m; sourceTree = "<group>"; };
		60D33AD11FE364DC00086F15 /* LYRollingNoticeView.h */ = {isa = PBXFileReference; lastKnownFileType = sourcecode.c.h; path = LYRollingNoticeView.h; sourceTree = "<group>"; };
		60D33AD21FE364DC00086F15 /* LYRollingNoticeView.m */ = {isa = PBXFileReference; lastKnownFileType = sourcecode.c.objc; path = LYRollingNoticeView.m; sourceTree = "<group>"; };
		60D33AD51FE3691F00086F15 /* LYRollingNoticeViewController.h */ = {isa = PBXFileReference; lastKnownFileType = sourcecode.c.h; path = LYRollingNoticeViewController.h; sourceTree = "<group>"; };
		60D33AD61FE3691F00086F15 /* LYRollingNoticeViewController.m */ = {isa = PBXFileReference; lastKnownFileType = sourcecode.c.objc; path = LYRollingNoticeViewController.m; sourceTree = "<group>"; };
		60D33AD91FE37B6C00086F15 /* DelegateManager.h */ = {isa = PBXFileReference; lastKnownFileType = sourcecode.c.h; path = DelegateManager.h; sourceTree = "<group>"; };
		60D33ADA1FE37B6C00086F15 /* DelegateManager.m */ = {isa = PBXFileReference; lastKnownFileType = sourcecode.c.objc; path = DelegateManager.m; sourceTree = "<group>"; };
		60D33ADC1FE3B80200086F15 /* LYNotiveViewCell.h */ = {isa = PBXFileReference; lastKnownFileType = sourcecode.c.h; path = LYNotiveViewCell.h; sourceTree = "<group>"; };
		60D33ADD1FE3B80200086F15 /* LYNotiveViewCell.m */ = {isa = PBXFileReference; lastKnownFileType = sourcecode.c.objc; path = LYNotiveViewCell.m; sourceTree = "<group>"; };
		60D6C7BD204E46D4005B0D69 /* LYUIFoldViewController.h */ = {isa = PBXFileReference; lastKnownFileType = sourcecode.c.h; path = LYUIFoldViewController.h; sourceTree = "<group>"; };
		60D6C7BE204E46D4005B0D69 /* LYUIFoldViewController.m */ = {isa = PBXFileReference; lastKnownFileType = sourcecode.c.objc; path = LYUIFoldViewController.m; sourceTree = "<group>"; };
/* End PBXFileReference section */

/* Begin PBXFrameworksBuildPhase section */
		60D33AB21FE26D3C00086F15 /* Frameworks */ = {
			isa = PBXFrameworksBuildPhase;
			buildActionMask = 2147483647;
			files = (
			);
			runOnlyForDeploymentPostprocessing = 0;
		};
/* End PBXFrameworksBuildPhase section */

/* Begin PBXGroup section */
		602036EF1FF09AB200E4DFA1 /* LYCellFoldDemo */ = {
			isa = PBXGroup;
			children = (
				602036F01FF09AF800E4DFA1 /* LYCellFoldViewController.h */,
				602036F11FF09AF800E4DFA1 /* LYCellFoldViewController.m */,
			);
			path = LYCellFoldDemo;
			sourceTree = "<group>";
		};
		602036F31FF13A2800E4DFA1 /* LYAliPayCellMoveDemo */ = {
			isa = PBXGroup;
			children = (
				609F5AF21FF1FA0600B28EF2 /* ALipay Resources */,
				609F5AE91FF1EF6400B28EF2 /* View */,
				609F5AE81FF1EF6200B28EF2 /* Model */,
				602036F91FF13B6200E4DFA1 /* LYDragCellCollectionView */,
				60B970FA1FF1E1DC0052B604 /* LYAliPayCellMoveViewController.h */,
				60B970FB1FF1E1DC0052B604 /* LYAliPayCellMoveViewController.m */,
				60B970FC1FF1E1DC0052B604 /* LYAliPayCellMoveViewController.xib */,
			);
			path = LYAliPayCellMoveDemo;
			sourceTree = "<group>";
		};
		602036F91FF13B6200E4DFA1 /* LYDragCellCollectionView */ = {
			isa = PBXGroup;
			children = (
				602036FA1FF13FE100E4DFA1 /* LYDragCellCollectionView.h */,
				602036FB1FF13FE100E4DFA1 /* LYDragCellCollectionView.m */,
			);
			path = LYDragCellCollectionView;
			sourceTree = "<group>";
		};
		606BEB072016E4E200E40A62 /* LYRuntimeDemo */ = {
			isa = PBXGroup;
			children = (
				606BEB082016E50700E40A62 /* LYRuntimeViewController.h */,
				606BEB092016E50700E40A62 /* LYRuntimeViewController.m */,
			);
			path = LYRuntimeDemo;
			sourceTree = "<group>";
		};
		60962FD41FE80EF6003F250A /* Cell */ = {
			isa = PBXGroup;
			children = (
				60962FD51FE80EF6003F250A /* LYRollingCell1.h */,
				60962FD61FE80EF6003F250A /* LYRollingCell1.m */,
				60962FD71FE80EF6003F250A /* LYRollingCell1.xib */,
				60962FD81FE80EF6003F250A /* LYRollingCell2.h */,
				60962FD91FE80EF6003F250A /* LYRollingCell2.m */,
				60962FDA1FE80EF6003F250A /* LYRollingCell2.xib */,
			);
			path = Cell;
			sourceTree = "<group>";
		};
		60962FDF1FE8AA51003F250A /* LYWaveViewDemo */ = {
			isa = PBXGroup;
			children = (
				60962FE01FE8AAA6003F250A /* LYWaveView */,
				60962FE41FE8AAE0003F250A /* LYWaveViewController.h */,
				60962FE51FE8AAE0003F250A /* LYWaveViewController.m */,
			);
			path = LYWaveViewDemo;
			sourceTree = "<group>";
		};
		60962FE01FE8AAA6003F250A /* LYWaveView */ = {
			isa = PBXGroup;
			children = (
				60962FE71FE8AD6D003F250A /* LYWaveView.h */,
				60962FE81FE8AD6D003F250A /* LYWaveView.m */,
			);
			path = LYWaveView;
			sourceTree = "<group>";
		};
		60962FEA1FE8FFC2003F250A /* LYLineChartDemo */ = {
			isa = PBXGroup;
			children = (
				60962FEB1FE8FFC2003F250A /* LYLineChart */,
				60962FEC1FE8FFFB003F250A /* LYLineChartViewController.h */,
				60962FED1FE8FFFB003F250A /* LYLineChartViewController.m */,
			);
			path = LYLineChartDemo;
			sourceTree = "<group>";
		};
		60962FEB1FE8FFC2003F250A /* LYLineChart */ = {
			isa = PBXGroup;
			children = (
				60962FEF1FE90194003F250A /* LYLineChartView.h */,
				60962FF01FE90194003F250A /* LYLineChartView.m */,
			);
			path = LYLineChart;
			sourceTree = "<group>";
		};
		609F5AE11FF1E62E00B28EF2 /* Category */ = {
			isa = PBXGroup;
			children = (
				609F5AE51FF1E8BB00B28EF2 /* UIViewController+title.h */,
				609F5AE61FF1E8BB00B28EF2 /* UIViewController+title.m */,
			);
			path = Category;
			sourceTree = "<group>";
		};
		609F5AE81FF1EF6200B28EF2 /* Model */ = {
			isa = PBXGroup;
			children = (
				609F5AEA1FF1EFA600B28EF2 /* LYAlipayModel.h */,
				609F5AEB1FF1EFA600B28EF2 /* LYAlipayModel.m */,
			);
			path = Model;
			sourceTree = "<group>";
		};
		609F5AE91FF1EF6400B28EF2 /* View */ = {
			isa = PBXGroup;
			children = (
				609F5AED1FF1F1B900B28EF2 /* LYAlipayCell.h */,
				609F5AEE1FF1F1B900B28EF2 /* LYAlipayCell.m */,
				609F5AEF1FF1F1B900B28EF2 /* LYAlipayCell.xib */,
			);
			path = View;
			sourceTree = "<group>";
		};
		609F5AF21FF1FA0600B28EF2 /* ALipay Resources */ = {
			isa = PBXGroup;
			children = (
				609F5AF31FF1FA0600B28EF2 /* -1.gif */,
				609F5AF41FF1FA0600B28EF2 /* 共享单车.png */,
				609F5AF51FF1FA0600B28EF2 /* 1.gif */,
				609F5AF61FF1FA0600B28EF2 /* 2.gif */,
				609F5AF71FF1FA0600B28EF2 /* 3.png */,
				609F5AF81FF1FA0600B28EF2 /* 4.gif */,
				609F5AF91FF1FA0600B28EF2 /* 5.gif */,
				609F5AFA1FF1FA0600B28EF2 /* iTunesArtwork.png */,
				609F5AFB1FF1FA0600B28EF2 /* ofo共享单车.png */,
				609F5AFC1FF1FA0600B28EF2 /* 信用卡.png */,
				609F5AFD1FF1FA0600B28EF2 /* 充值中心.png */,
				609F5AFE1FF1FA0600B28EF2 /* 分期.png */,
				609F5AFF1FF1FA0600B28EF2 /* 商家服务2.png */,
				609F5B001FF1FA0600B28EF2 /* 滴滴出行.png */,
				609F5B011FF1FA0600B28EF2 /* 火车票.png */,
				609F5B021FF1FA0600B28EF2 /* 芝麻信用.png */,
				609F5B031FF1FA0600B28EF2 /* 花呗.png */,
				609F5B041FF1FA0600B28EF2 /* 转账.png */,
			);
			path = "ALipay Resources";
			sourceTree = "<group>";
		};
		609F5B171FFBC6D800B28EF2 /* LYSlideMenuDemo */ = {
			isa = PBXGroup;
			children = (
				609F5B181FFBC6EB00B28EF2 /* SlideMenuView */,
			);
			path = LYSlideMenuDemo;
			sourceTree = "<group>";
		};
		609F5B181FFBC6EB00B28EF2 /* SlideMenuView */ = {
			isa = PBXGroup;
			children = (
				609F5B191FFBC74200B28EF2 /* LYSlideMenuView.h */,
				609F5B1A1FFBC74200B28EF2 /* LYSlideMenuView.m */,
				609F5B1C1FFD1D6B00B28EF2 /* SlideMenuButton.h */,
				609F5B1D1FFD1D6B00B28EF2 /* SlideMenuButton.m */,
			);
			path = SlideMenuView;
			sourceTree = "<group>";
		};
		60D33AAC1FE26D3C00086F15 = {
			isa = PBXGroup;
			children = (
				60D33AB71FE26D3C00086F15 /* OC版 */,
				60D33AB61FE26D3C00086F15 /* Products */,
			);
			sourceTree = "<group>";
		};
		60D33AB61FE26D3C00086F15 /* Products */ = {
			isa = PBXGroup;
			children = (
				60D33AB51FE26D3C00086F15 /* OC版.app */,
			);
			name = Products;
			sourceTree = "<group>";
		};
		60D33AB71FE26D3C00086F15 /* OC版 */ = {
			isa = PBXGroup;
			children = (
				60D6C7BC204E468B005B0D69 /* LYUIFoldDemo */,
				606BEB072016E4E200E40A62 /* LYRuntimeDemo */,
				609F5B171FFBC6D800B28EF2 /* LYSlideMenuDemo */,
				602036F31FF13A2800E4DFA1 /* LYAliPayCellMoveDemo */,
				60D33ACF1FE2816300086F15 /* LYRollingNoticeDemo */,
				60962FDF1FE8AA51003F250A /* LYWaveViewDemo */,
				60962FEA1FE8FFC2003F250A /* LYLineChartDemo */,
				602036EF1FF09AB200E4DFA1 /* LYCellFoldDemo */,
				60D33ABB1FE26D3C00086F15 /* ViewController.h */,
				60D33ABC1FE26D3C00086F15 /* ViewController.m */,
				60D33AD91FE37B6C00086F15 /* DelegateManager.h */,
				60D33ADA1FE37B6C00086F15 /* DelegateManager.m */,
				609F5AE11FF1E62E00B28EF2 /* Category */,
				60D33ABE1FE26D3C00086F15 /* Main.storyboard */,
				60D33AC61FE26D3C00086F15 /* Info.plist */,
				60D33AC71FE26D3C00086F15 /* main.m */,
				60D33AC11FE26D3C00086F15 /* Assets.xcassets */,
				60D33AD81FE3692F00086F15 /* Other */,
			);
			path = "OC版";
			sourceTree = "<group>";
		};
		60D33ACF1FE2816300086F15 /* LYRollingNoticeDemo */ = {
			isa = PBXGroup;
			children = (
				60962FD41FE80EF6003F250A /* Cell */,
				60D33AD41FE368FC00086F15 /* LYRollingNotice */,
				60D33AD51FE3691F00086F15 /* LYRollingNoticeViewController.h */,
				60D33AD61FE3691F00086F15 /* LYRollingNoticeViewController.m */,
			);
			path = LYRollingNoticeDemo;
			sourceTree = "<group>";
		};
		60D33AD41FE368FC00086F15 /* LYRollingNotice */ = {
			isa = PBXGroup;
			children = (
				60D33AD11FE364DC00086F15 /* LYRollingNoticeView.h */,
				60D33AD21FE364DC00086F15 /* LYRollingNoticeView.m */,
				60D33ADC1FE3B80200086F15 /* LYNotiveViewCell.h */,
				60D33ADD1FE3B80200086F15 /* LYNotiveViewCell.m */,
			);
			path = LYRollingNotice;
			sourceTree = "<group>";
		};
		60D33AD81FE3692F00086F15 /* Other */ = {
			isa = PBXGroup;
			children = (
				60D33AB81FE26D3C00086F15 /* AppDelegate.h */,
				60D33AB91FE26D3C00086F15 /* AppDelegate.m */,
				60D33AC31FE26D3C00086F15 /* LaunchScreen.storyboard */,
			);
			path = Other;
			sourceTree = "<group>";
		};
		60D6C7BC204E468B005B0D69 /* LYUIFoldDemo */ = {
			isa = PBXGroup;
			children = (
				60D6C7BD204E46D4005B0D69 /* LYUIFoldViewController.h */,
				60D6C7BE204E46D4005B0D69 /* LYUIFoldViewController.m */,
			);
			path = LYUIFoldDemo;
			sourceTree = "<group>";
		};
/* End PBXGroup section */

/* Begin PBXNativeTarget section */
		60D33AB41FE26D3C00086F15 /* OC版 */ = {
			isa = PBXNativeTarget;
			buildConfigurationList = 60D33ACB1FE26D3C00086F15 /* Build configuration list for PBXNativeTarget "OC版" */;
			buildPhases = (
				60D33AB11FE26D3C00086F15 /* Sources */,
				60D33AB21FE26D3C00086F15 /* Frameworks */,
				60D33AB31FE26D3C00086F15 /* Resources */,
			);
			buildRules = (
			);
			dependencies = (
			);
			name = "OC版";
			productName = "OC版";
			productReference = 60D33AB51FE26D3C00086F15 /* OC版.app */;
			productType = "com.apple.product-type.application";
		};
/* End PBXNativeTarget section */

/* Begin PBXProject section */
		60D33AAD1FE26D3C00086F15 /* Project object */ = {
			isa = PBXProject;
			attributes = {
				LastUpgradeCheck = 0920;
				ORGANIZATIONNAME = "iOS-LeiYu";
				TargetAttributes = {
					60D33AB41FE26D3C00086F15 = {
						CreatedOnToolsVersion = 9.2;
						ProvisioningStyle = Automatic;
					};
				};
			};
			buildConfigurationList = 60D33AB01FE26D3C00086F15 /* Build configuration list for PBXProject "OC版" */;
			compatibilityVersion = "Xcode 8.0";
			developmentRegion = en;
			hasScannedForEncodings = 0;
			knownRegions = (
				en,
				Base,
			);
			mainGroup = 60D33AAC1FE26D3C00086F15;
			productRefGroup = 60D33AB61FE26D3C00086F15 /* Products */;
			projectDirPath = "";
			projectRoot = "";
			targets = (
				60D33AB41FE26D3C00086F15 /* OC版 */,
			);
		};
/* End PBXProject section */

/* Begin PBXResourcesBuildPhase section */
		60D33AB31FE26D3C00086F15 /* Resources */ = {
			isa = PBXResourcesBuildPhase;
			buildActionMask = 2147483647;
			files = (
				609F5B161FF1FA0600B28EF2 /* 转账.png in Resources */,
				609F5B111FF1FA0600B28EF2 /* 商家服务2.png in Resources */,
				609F5B081FF1FA0600B28EF2 /* 2.gif in Resources */,
				609F5B051FF1FA0600B28EF2 /* -1.gif in Resources */,
				609F5B0F1FF1FA0600B28EF2 /* 充值中心.png in Resources */,
				609F5B0B1FF1FA0600B28EF2 /* 5.gif in Resources */,
				609F5B0C1FF1FA0600B28EF2 /* iTunesArtwork.png in Resources */,
				609F5B0A1FF1FA0600B28EF2 /* 4.gif in Resources */,
				60962FDC1FE80EF6003F250A /* LYRollingCell1.xib in Resources */,
				609F5B091FF1FA0600B28EF2 /* 3.png in Resources */,
				609F5AF11FF1F1B900B28EF2 /* LYAlipayCell.xib in Resources */,
				609F5B121FF1FA0600B28EF2 /* 滴滴出行.png in Resources */,
				60D33AC51FE26D3C00086F15 /* LaunchScreen.storyboard in Resources */,
				609F5B0D1FF1FA0600B28EF2 /* ofo共享单车.png in Resources */,
				60B970FE1FF1E1DC0052B604 /* LYAliPayCellMoveViewController.xib in Resources */,
				60962FDE1FE80EF6003F250A /* LYRollingCell2.xib in Resources */,
				60D33AC21FE26D3C00086F15 /* Assets.xcassets in Resources */,
				609F5B0E1FF1FA0600B28EF2 /* 信用卡.png in Resources */,
				609F5B151FF1FA0600B28EF2 /* 花呗.png in Resources */,
				609F5B061FF1FA0600B28EF2 /* 共享单车.png in Resources */,
				609F5B071FF1FA0600B28EF2 /* 1.gif in Resources */,
				609F5B131FF1FA0600B28EF2 /* 火车票.png in Resources */,
				60D33AC01FE26D3C00086F15 /* Main.storyboard in Resources */,
				609F5B141FF1FA0600B28EF2 /* 芝麻信用.png in Resources */,
				609F5B101FF1FA0600B28EF2 /* 分期.png in Resources */,
			);
			runOnlyForDeploymentPostprocessing = 0;
		};
/* End PBXResourcesBuildPhase section */

/* Begin PBXSourcesBuildPhase section */
		60D33AB11FE26D3C00086F15 /* Sources */ = {
			isa = PBXSourcesBuildPhase;
			buildActionMask = 2147483647;
			files = (
				60962FDB1FE80EF6003F250A /* LYRollingCell1.m in Sources */,
				60D33AD71FE3691F00086F15 /* LYRollingNoticeViewController.m in Sources */,
				609F5AE71FF1E8BB00B28EF2 /* UIViewController+title.m in Sources */,
				60D33ADE1FE3B80200086F15 /* LYNotiveViewCell.m in Sources */,
				60962FDD1FE80EF6003F250A /* LYRollingCell2.m in Sources */,
				60962FE61FE8AAE0003F250A /* LYWaveViewController.m in Sources */,
				60D6C7BF204E46D4005B0D69 /* LYUIFoldViewController.m in Sources */,
				609F5AF01FF1F1B900B28EF2 /* LYAlipayCell.m in Sources */,
				60D33ABD1FE26D3C00086F15 /* ViewController.m in Sources */,
				60962FF11FE90194003F250A /* LYLineChartView.m in Sources */,
				609F5AEC1FF1EFA600B28EF2 /* LYAlipayModel.m in Sources */,
				60D33AD31FE364DC00086F15 /* LYRollingNoticeView.m in Sources */,
				602036F21FF09AF800E4DFA1 /* LYCellFoldViewController.m in Sources */,
				60D33AC81FE26D3C00086F15 /* main.m in Sources */,
				60962FEE1FE8FFFB003F250A /* LYLineChartViewController.m in Sources */,
				609F5B1B1FFBC74200B28EF2 /* LYSlideMenuView.m in Sources */,
				609F5B1E1FFD1D6B00B28EF2 /* SlideMenuButton.m in Sources */,
				60D33ADB1FE37B6C00086F15 /* DelegateManager.m in Sources */,
				60B970FD1FF1E1DC0052B604 /* LYAliPayCellMoveViewController.m in Sources */,
				606BEB0A2016E50700E40A62 /* LYRuntimeViewController.m in Sources */,
				60D33ABA1FE26D3C00086F15 /* AppDelegate.m in Sources */,
				60962FE91FE8AD6D003F250A /* LYWaveView.m in Sources */,
				602036FC1FF13FE100E4DFA1 /* LYDragCellCollectionView.m in Sources */,
			);
			runOnlyForDeploymentPostprocessing = 0;
		};
/* End PBXSourcesBuildPhase section */

/* Begin PBXVariantGroup section */
		60D33ABE1FE26D3C00086F15 /* Main.storyboard */ = {
			isa = PBXVariantGroup;
			children = (
				60D33ABF1FE26D3C00086F15 /* Base */,
			);
			name = Main.storyboard;
			sourceTree = "<group>";
		};
		60D33AC31FE26D3C00086F15 /* LaunchScreen.storyboard */ = {
			isa = PBXVariantGroup;
			children = (
				60D33AC41FE26D3C00086F15 /* Base */,
			);
			name = LaunchScreen.storyboard;
			sourceTree = "<group>";
		};
/* End PBXVariantGroup section */

/* Begin XCBuildConfiguration section */
		60D33AC91FE26D3C00086F15 /* Debug */ = {
			isa = XCBuildConfiguration;
			buildSettings = {
				ALWAYS_SEARCH_USER_PATHS = NO;
				CLANG_ANALYZER_NONNULL = YES;
				CLANG_ANALYZER_NUMBER_OBJECT_CONVERSION = YES_AGGRESSIVE;
				CLANG_CXX_LANGUAGE_STANDARD = "gnu++14";
				CLANG_CXX_LIBRARY = "libc++";
				CLANG_ENABLE_MODULES = YES;
				CLANG_ENABLE_OBJC_ARC = YES;
				CLANG_WARN_BLOCK_CAPTURE_AUTORELEASING = YES;
				CLANG_WARN_BOOL_CONVERSION = YES;
				CLANG_WARN_COMMA = YES;
				CLANG_WARN_CONSTANT_CONVERSION = YES;
				CLANG_WARN_DIRECT_OBJC_ISA_USAGE = YES_ERROR;
				CLANG_WARN_DOCUMENTATION_COMMENTS = YES;
				CLANG_WARN_EMPTY_BODY = YES;
				CLANG_WARN_ENUM_CONVERSION = YES;
				CLANG_WARN_INFINITE_RECURSION = YES;
				CLANG_WARN_INT_CONVERSION = YES;
				CLANG_WARN_NON_LITERAL_NULL_CONVERSION = YES;
				CLANG_WARN_OBJC_LITERAL_CONVERSION = YES;
				CLANG_WARN_OBJC_ROOT_CLASS = YES_ERROR;
				CLANG_WARN_RANGE_LOOP_ANALYSIS = YES;
				CLANG_WARN_STRICT_PROTOTYPES = YES;
				CLANG_WARN_SUSPICIOUS_MOVE = YES;
				CLANG_WARN_UNGUARDED_AVAILABILITY = YES_AGGRESSIVE;
				CLANG_WARN_UNREACHABLE_CODE = YES;
				CLANG_WARN__DUPLICATE_METHOD_MATCH = YES;
				CODE_SIGN_IDENTITY = "iPhone Developer";
				COPY_PHASE_STRIP = NO;
				DEBUG_INFORMATION_FORMAT = dwarf;
				ENABLE_STRICT_OBJC_MSGSEND = YES;
				ENABLE_TESTABILITY = YES;
				GCC_C_LANGUAGE_STANDARD = gnu11;
				GCC_DYNAMIC_NO_PIC = NO;
				GCC_NO_COMMON_BLOCKS = YES;
				GCC_OPTIMIZATION_LEVEL = 0;
				GCC_PREPROCESSOR_DEFINITIONS = (
					"DEBUG=1",
					"$(inherited)",
				);
				GCC_WARN_64_TO_32_BIT_CONVERSION = YES;
				GCC_WARN_ABOUT_RETURN_TYPE = YES_ERROR;
				GCC_WARN_UNDECLARED_SELECTOR = YES;
				GCC_WARN_UNINITIALIZED_AUTOS = YES_AGGRESSIVE;
				GCC_WARN_UNUSED_FUNCTION = YES;
				GCC_WARN_UNUSED_VARIABLE = YES;
				IPHONEOS_DEPLOYMENT_TARGET = 11.2;
				MTL_ENABLE_DEBUG_INFO = YES;
				ONLY_ACTIVE_ARCH = YES;
				SDKROOT = iphoneos;
			};
			name = Debug;
		};
		60D33ACA1FE26D3C00086F15 /* Release */ = {
			isa = XCBuildConfiguration;
			buildSettings = {
				ALWAYS_SEARCH_USER_PATHS = NO;
				CLANG_ANALYZER_NONNULL = YES;
				CLANG_ANALYZER_NUMBER_OBJECT_CONVERSION = YES_AGGRESSIVE;
				CLANG_CXX_LANGUAGE_STANDARD = "gnu++14";
				CLANG_CXX_LIBRARY = "libc++";
				CLANG_ENABLE_MODULES = YES;
				CLANG_ENABLE_OBJC_ARC = YES;
				CLANG_WARN_BLOCK_CAPTURE_AUTORELEASING = YES;
				CLANG_WARN_BOOL_CONVERSION = YES;
				CLANG_WARN_COMMA = YES;
				CLANG_WARN_CONSTANT_CONVERSION = YES;
				CLANG_WARN_DIRECT_OBJC_ISA_USAGE = YES_ERROR;
				CLANG_WARN_DOCUMENTATION_COMMENTS = YES;
				CLANG_WARN_EMPTY_BODY = YES;
				CLANG_WARN_ENUM_CONVERSION = YES;
				CLANG_WARN_INFINITE_RECURSION = YES;
				CLANG_WARN_INT_CONVERSION = YES;
				CLANG_WARN_NON_LITERAL_NULL_CONVERSION = YES;
				CLANG_WARN_OBJC_LITERAL_CONVERSION = YES;
				CLANG_WARN_OBJC_ROOT_CLASS = YES_ERROR;
				CLANG_WARN_RANGE_LOOP_ANALYSIS = YES;
				CLANG_WARN_STRICT_PROTOTYPES = YES;
				CLANG_WARN_SUSPICIOUS_MOVE = YES;
				CLANG_WARN_UNGUARDED_AVAILABILITY = YES_AGGRESSIVE;
				CLANG_WARN_UNREACHABLE_CODE = YES;
				CLANG_WARN__DUPLICATE_METHOD_MATCH = YES;
				CODE_SIGN_IDENTITY = "iPhone Developer";
				COPY_PHASE_STRIP = NO;
				DEBUG_INFORMATION_FORMAT = "dwarf-with-dsym";
				ENABLE_NS_ASSERTIONS = NO;
				ENABLE_STRICT_OBJC_MSGSEND = YES;
				GCC_C_LANGUAGE_STANDARD = gnu11;
				GCC_NO_COMMON_BLOCKS = YES;
				GCC_WARN_64_TO_32_BIT_CONVERSION = YES;
				GCC_WARN_ABOUT_RETURN_TYPE = YES_ERROR;
				GCC_WARN_UNDECLARED_SELECTOR = YES;
				GCC_WARN_UNINITIALIZED_AUTOS = YES_AGGRESSIVE;
				GCC_WARN_UNUSED_FUNCTION = YES;
				GCC_WARN_UNUSED_VARIABLE = YES;
				IPHONEOS_DEPLOYMENT_TARGET = 11.2;
				MTL_ENABLE_DEBUG_INFO = NO;
				SDKROOT = iphoneos;
				VALIDATE_PRODUCT = YES;
			};
			name = Release;
		};
		60D33ACC1FE26D3C00086F15 /* Debug */ = {
			isa = XCBuildConfiguration;
			buildSettings = {
				ASSETCATALOG_COMPILER_APPICON_NAME = AppIcon;
				CODE_SIGN_STYLE = Automatic;
				DEVELOPMENT_TEAM = WA8WS26R8S;
				INFOPLIST_FILE = "OC版/Info.plist";
				IPHONEOS_DEPLOYMENT_TARGET = 10.0;
				LD_RUNPATH_SEARCH_PATHS = "$(inherited) @executable_path/Frameworks";
				PRODUCT_BUNDLE_IDENTIFIER = "com.jiuqi.leiyu.OC-";
				PRODUCT_NAME = "$(TARGET_NAME)";
				TARGETED_DEVICE_FAMILY = "1,2";
			};
			name = Debug;
		};
		60D33ACD1FE26D3C00086F15 /* Release */ = {
			isa = XCBuildConfiguration;
			buildSettings = {
				ASSETCATALOG_COMPILER_APPICON_NAME = AppIcon;
				CODE_SIGN_STYLE = Automatic;
				DEVELOPMENT_TEAM = WA8WS26R8S;
				INFOPLIST_FILE = "OC版/Info.plist";
				IPHONEOS_DEPLOYMENT_TARGET = 10.0;
				LD_RUNPATH_SEARCH_PATHS = "$(inherited) @executable_path/Frameworks";
				PRODUCT_BUNDLE_IDENTIFIER = "com.jiuqi.leiyu.OC-";
				PRODUCT_NAME = "$(TARGET_NAME)";
				TARGETED_DEVICE_FAMILY = "1,2";
			};
			name = Release;
		};
/* End XCBuildConfiguration section */

/* Begin XCConfigurationList section */
		60D33AB01FE26D3C00086F15 /* Build configuration list for PBXProject "OC版" */ = {
			isa = XCConfigurationList;
			buildConfigurations = (
				60D33AC91FE26D3C00086F15 /* Debug */,
				60D33ACA1FE26D3C00086F15 /* Release */,
			);
			defaultConfigurationIsVisible = 0;
			defaultConfigurationName = Release;
		};
		60D33ACB1FE26D3C00086F15 /* Build configuration list for PBXNativeTarget "OC版" */ = {
			isa = XCConfigurationList;
			buildConfigurations = (
				60D33ACC1FE26D3C00086F15 /* Debug */,
				60D33ACD1FE26D3C00086F15 /* Release */,
			);
			defaultConfigurationIsVisible = 0;
			defaultConfigurationName = Release;
		};
/* End XCConfigurationList section */
	};
	rootObject = 60D33AAD1FE26D3C00086F15 /* Project object */;
}
